
Microsoft Visual Studio Solution File, Format Version 12.00
# Visual Studio Version 16
VisualStudioVersion = 16.0.31605.320
MinimumVisualStudioVersion = 10.0.40219.1
Project("{2150E333-8FDC-42A3-9474-1A3956D46DE8}") = "1 - Application", "1 - Application", "{AC3EB803-4F04-4C54-91FC-7BB4D4DEF5B3}"
EndProject
Project("{2150E333-8FDC-42A3-9474-1A3956D46DE8}") = "2 - Service", "2 - Service", "{2C07CC1B-9169-4E9F-B17A-0BE741962D6D}"
EndProject
Project("{2150E333-8FDC-42A3-9474-1A3956D46DE8}") = "3 - Domain", "3 - Domain", "{0C14991F-621D-4024-86C3-8E86ACE5F9C4}"
EndProject
Project("{2150E333-8FDC-42A3-9474-1A3956D46DE8}") = "4 - Infra", "4 - Infra", "{0AC54AC8-49C9-41E3-9B7F-213F31BAB7CF}"
EndProject
Project("{2150E333-8FDC-42A3-9474-1A3956D46DE8}") = "4.1 - Data", "4.1 - Data", "{079C7B81-FF93-41C6-8F6F-9DE35628FD8E}"
EndProject
Project("{2150E333-8FDC-42A3-9474-1A3956D46DE8}") = "4.2 - IOC", "4.2 - IOC", "{29270BC3-ECCB-4A5E-944C-7D7D65D311A3}"
EndProject
Project("{9A19103F-16F7-4668-BE54-9A1E7A4F7556}") = "Service", "Service\Service.csproj", "{72EDC09A-6956-45C4-9879-E05B8CF0919A}"
EndProject
Project("{9A19103F-16F7-4668-BE54-9A1E7A4F7556}") = "Domain", "Domain\Domain.csproj", "{4BEB387E-C6E6-4B8A-9C53-F5F3FF0B54B9}"
EndProject
Project("{9A19103F-16F7-4668-BE54-9A1E7A4F7556}") = "Data", "Data\Data.csproj", "{3823EE41-ED13-4E95-B49E-1AEF95C6133F}"
EndProject
Project("{9A19103F-16F7-4668-BE54-9A1E7A4F7556}") = "IOC", "IOC\IOC.csproj", "{92621C2D-7C54-45ED-860A-AFEBBD70AA2B}"
EndProject
Project("{9A19103F-16F7-4668-BE54-9A1E7A4F7556}") = "WebAPI", "WebAPI\WebAPI.csproj", "{A5675F20-C06C-4BF7-9891-6EDCCFC3A85A}"
	ProjectSection(ProjectDependencies) = postProject
		{4BEB387E-C6E6-4B8A-9C53-F5F3FF0B54B9} = {4BEB387E-C6E6-4B8A-9C53-F5F3FF0B54B9}
	EndProjectSection
EndProject
Project("{2150E333-8FDC-42A3-9474-1A3956D46DE8}") = "5 - Test", "5 - Test", "{45115F7C-E2F9-4576-86ED-48CB6514C307}"
EndProject
Project("{9A19103F-16F7-4668-BE54-9A1E7A4F7556}") = "Tests", "Tests\Tests.csproj", "{79598035-7C08-4071-AFDC-72A3403DE5C2}"
EndProject
Global
	GlobalSection(SolutionConfigurationPlatforms) = preSolution
		Debug|Any CPU = Debug|Any CPU
		Release|Any CPU = Release|Any CPU
	EndGlobalSection
	GlobalSection(ProjectConfigurationPlatforms) = postSolution
		{72EDC09A-6956-45C4-9879-E05B8CF0919A}.Debug|Any CPU.ActiveCfg = Debug|Any CPU
		{72EDC09A-6956-45C4-9879-E05B8CF0919A}.Debug|Any CPU.Build.0 = Debug|Any CPU
		{72EDC09A-6956-45C4-9879-E05B8CF0919A}.Release|Any CPU.ActiveCfg = Release|Any CPU
		{72EDC09A-6956-45C4-9879-E05B8CF0919A}.Release|Any CPU.Build.0 = Release|Any CPU
		{4BEB387E-C6E6-4B8A-9C53-F5F3FF0B54B9}.Debug|Any CPU.ActiveCfg = Debug|Any CPU
		{4BEB387E-C6E6-4B8A-9C53-F5F3FF0B54B9}.Debug|Any CPU.Build.0 = Debug|Any CPU
		{4BEB387E-C6E6-4B8A-9C53-F5F3FF0B54B9}.Release|Any CPU.ActiveCfg = Release|Any CPU
		{4BEB387E-C6E6-4B8A-9C53-F5F3FF0B54B9}.Release|Any CPU.Build.0 = Release|Any CPU
		{3823EE41-ED13-4E95-B49E-1AEF95C6133F}.Debug|Any CPU.ActiveCfg = Debug|Any CPU
		{3823EE41-ED13-4E95-B49E-1AEF95C6133F}.Debug|Any CPU.Build.0 = Debug|Any CPU
		{3823EE41-ED13-4E95-B49E-1AEF95C6133F}.Release|Any CPU.ActiveCfg = Release|Any CPU
		{3823EE41-ED13-4E95-B49E-1AEF95C6133F}.Release|Any CPU.Build.0 = Release|Any CPU
		{92621C2D-7C54-45ED-860A-AFEBBD70AA2B}.Debug|Any CPU.ActiveCfg = Debug|Any CPU
		{92621C2D-7C54-45ED-860A-AFEBBD70AA2B}.Debug|Any CPU.Build.0 = Debug|Any CPU
		{92621C2D-7C54-45ED-860A-AFEBBD70AA2B}.Release|Any CPU.ActiveCfg = Release|Any CPU
		{92621C2D-7C54-45ED-860A-AFEBBD70AA2B}.Release|Any CPU.Build.0 = Release|Any CPU
		{A5675F20-C06C-4BF7-9891-6EDCCFC3A85A}.Debug|Any CPU.ActiveCfg = Debug|Any CPU
		{A5675F20-C06C-4BF7-9891-6EDCCFC3A85A}.Debug|Any CPU.Build.0 = Debug|Any CPU
		{A5675F20-C06C-4BF7-9891-6EDCCFC3A85A}.Release|Any CPU.ActiveCfg = Release|Any CPU
		{A5675F20-C06C-4BF7-9891-6EDCCFC3A85A}.Release|Any CPU.Build.0 = Release|Any CPU
		{79598035-7C08-4071-AFDC-72A3403DE5C2}.Debug|Any CPU.ActiveCfg = Debug|Any CPU
		{79598035-7C08-4071-AFDC-72A3403DE5C2}.Debug|Any CPU.Build.0 = Debug|Any CPU
		{79598035-7C08-4071-AFDC-72A3403DE5C2}.Release|Any CPU.ActiveCfg = Release|Any CPU
		{79598035-7C08-4071-AFDC-72A3403DE5C2}.Release|Any CPU.Build.0 = Release|Any CPU
	EndGlobalSection
	GlobalSection(SolutionProperties) = preSolution
		HideSolutionNode = FALSE
	EndGlobalSection
	GlobalSection(NestedProjects) = preSolution
		{079C7B81-FF93-41C6-8F6F-9DE35628FD8E} = {0AC54AC8-49C9-41E3-9B7F-213F31BAB7CF}
		{29270BC3-ECCB-4A5E-944C-7D7D65D311A3} = {0AC54AC8-49C9-41E3-9B7F-213F31BAB7CF}
		{72EDC09A-6956-45C4-9879-E05B8CF0919A} = {2C07CC1B-9169-4E9F-B17A-0BE741962D6D}
		{4BEB387E-C6E6-4B8A-9C53-F5F3FF0B54B9} = {0C14991F-621D-4024-86C3-8E86ACE5F9C4}
		{3823EE41-ED13-4E95-B49E-1AEF95C6133F} = {079C7B81-FF93-41C6-8F6F-9DE35628FD8E}
		{92621C2D-7C54-45ED-860A-AFEBBD70AA2B} = {29270BC3-ECCB-4A5E-944C-7D7D65D311A3}
		{A5675F20-C06C-4BF7-9891-6EDCCFC3A85A} = {AC3EB803-4F04-4C54-91FC-7BB4D4DEF5B3}
		{79598035-7C08-4071-AFDC-72A3403DE5C2} = {45115F7C-E2F9-4576-86ED-48CB6514C307}
	EndGlobalSection
	GlobalSection(ExtensibilityGlobals) = postSolution
		SolutionGuid = {8F03D266-BEA4-460D-B243-CD58B26BDAA9}
	EndGlobalSection
EndGlobal
